
Microsoft Visual Studio Solution File, Format Version 12.00
# Visual Studio 2013
VisualStudioVersion = 12.0.21005.1
MinimumVisualStudioVersion = 10.0.40219.1
Project("{FAE04EC0-301F-11D3-BF4B-00C04F79EFBC}") = "hw1", "Algo2\hw1.csproj", "{B3DC7784-56AD-4F2B-8BEA-2DE141AEF72F}"
EndProject
Project("{FAE04EC0-301F-11D3-BF4B-00C04F79EFBC}") = "hw2", "hw2\hw2.csproj", "{746221AA-1BCE-4374-873B-99D20BD70CEB}"
EndProject
Project("{FAE04EC0-301F-11D3-BF4B-00C04F79EFBC}") = "UnitTests", "UnitTests\UnitTests.csproj", "{6A1EAAD0-7708-4040-A083-57762BCAF61D}"
EndProject
Global
	GlobalSection(SolutionConfigurationPlatforms) = preSolution
		Debug|Any CPU = Debug|Any CPU
		Release|Any CPU = Release|Any CPU
	EndGlobalSection
	GlobalSection(ProjectConfigurationPlatforms) = postSolution
		{B3DC7784-56AD-4F2B-8BEA-2DE141AEF72F}.Debug|Any CPU.ActiveCfg = Debug|Any CPU
		{B3DC7784-56AD-4F2B-8BEA-2DE141AEF72F}.Debug|Any CPU.Build.0 = Debug|Any CPU
		{B3DC7784-56AD-4F2B-8BEA-2DE141AEF72F}.Release|Any CPU.ActiveCfg = Release|Any CPU
		{B3DC7784-56AD-4F2B-8BEA-2DE141AEF72F}.Release|Any CPU.Build.0 = Release|Any CPU
		{746221AA-1BCE-4374-873B-99D20BD70CEB}.Debug|Any CPU.ActiveCfg = Debug|Any CPU
		{746221AA-1BCE-4374-873B-99D20BD70CEB}.Debug|Any CPU.Build.0 = Debug|Any CPU
		{746221AA-1BCE-4374-873B-99D20BD70CEB}.Release|Any CPU.ActiveCfg = Release|Any CPU
		{746221AA-1BCE-4374-873B-99D20BD70CEB}.Release|Any CPU.Build.0 = Release|Any CPU
		{6A1EAAD0-7708-4040-A083-57762BCAF61D}.Debug|Any CPU.ActiveCfg = Debug|Any CPU
		{6A1EAAD0-7708-4040-A083-57762BCAF61D}.Debug|Any CPU.Build.0 = Debug|Any CPU
		{6A1EAAD0-7708-4040-A083-57762BCAF61D}.Release|Any CPU.ActiveCfg = Release|Any CPU
		{6A1EAAD0-7708-4040-A083-57762BCAF61D}.Release|Any CPU.Build.0 = Release|Any CPU
	EndGlobalSection
	GlobalSection(SolutionProperties) = preSolution
		HideSolutionNode = FALSE
	EndGlobalSection
EndGlobal
