
Microsoft Visual Studio Solution File, Format Version 12.00
# Visual Studio 2013
VisualStudioVersion = 12.0.21005.1
MinimumVisualStudioVersion = 10.0.40219.1
Project("{FAE04EC0-301F-11D3-BF4B-00C04F79EFBC}") = "hw1", "Algo2\hw1.csproj", "{B3DC7784-56AD-4F2B-8BEA-2DE141AEF72F}"
EndProject
Project("{FAE04EC0-301F-11D3-BF4B-00C04F79EFBC}") = "hw2", "hw2\hw2.csproj", "{746221AA-1BCE-4374-873B-99D20BD70CEB}"
EndProject
Project("{FAE04EC0-301F-11D3-BF4B-00C04F79EFBC}") = "UnitTests", "UnitTests\UnitTests.csproj", "{6A1EAAD0-7708-4040-A083-57762BCAF61D}"
EndProject
Project("{FAE04EC0-301F-11D3-BF4B-00C04F79EFBC}") = "hw3", "hw3\hw3.csproj", "{A037DC9D-6295-476E-9187-BE9E2C52F47C}"
EndProject
Project("{FAE04EC0-301F-11D3-BF4B-00C04F79EFBC}") = "hw4", "hw4\hw4.csproj", "{08994FDC-0599-4F14-BC05-4F0760CDCB4F}"
EndProject
Project("{FAE04EC0-301F-11D3-BF4B-00C04F79EFBC}") = "GraphLib", "Graph\GraphLib.csproj", "{12A395BE-D220-48D9-884D-E0DCE782B82F}"
EndProject
Global
	GlobalSection(SolutionConfigurationPlatforms) = preSolution
		Debug|Any CPU = Debug|Any CPU
		Release|Any CPU = Release|Any CPU
	EndGlobalSection
	GlobalSection(ProjectConfigurationPlatforms) = postSolution
		{B3DC7784-56AD-4F2B-8BEA-2DE141AEF72F}.Debug|Any CPU.ActiveCfg = Debug|Any CPU
		{B3DC7784-56AD-4F2B-8BEA-2DE141AEF72F}.Debug|Any CPU.Build.0 = Debug|Any CPU
		{B3DC7784-56AD-4F2B-8BEA-2DE141AEF72F}.Release|Any CPU.ActiveCfg = Release|Any CPU
		{B3DC7784-56AD-4F2B-8BEA-2DE141AEF72F}.Release|Any CPU.Build.0 = Release|Any CPU
		{746221AA-1BCE-4374-873B-99D20BD70CEB}.Debug|Any CPU.ActiveCfg = Debug|Any CPU
		{746221AA-1BCE-4374-873B-99D20BD70CEB}.Debug|Any CPU.Build.0 = Debug|Any CPU
		{746221AA-1BCE-4374-873B-99D20BD70CEB}.Release|Any CPU.ActiveCfg = Release|Any CPU
		{746221AA-1BCE-4374-873B-99D20BD70CEB}.Release|Any CPU.Build.0 = Release|Any CPU
		{6A1EAAD0-7708-4040-A083-57762BCAF61D}.Debug|Any CPU.ActiveCfg = Debug|Any CPU
		{6A1EAAD0-7708-4040-A083-57762BCAF61D}.Debug|Any CPU.Build.0 = Debug|Any CPU
		{6A1EAAD0-7708-4040-A083-57762BCAF61D}.Release|Any CPU.ActiveCfg = Release|Any CPU
		{6A1EAAD0-7708-4040-A083-57762BCAF61D}.Release|Any CPU.Build.0 = Release|Any CPU
		{A037DC9D-6295-476E-9187-BE9E2C52F47C}.Debug|Any CPU.ActiveCfg = Debug|Any CPU
		{A037DC9D-6295-476E-9187-BE9E2C52F47C}.Debug|Any CPU.Build.0 = Debug|Any CPU
		{A037DC9D-6295-476E-9187-BE9E2C52F47C}.Release|Any CPU.ActiveCfg = Release|Any CPU
		{A037DC9D-6295-476E-9187-BE9E2C52F47C}.Release|Any CPU.Build.0 = Release|Any CPU
		{08994FDC-0599-4F14-BC05-4F0760CDCB4F}.Debug|Any CPU.ActiveCfg = Debug|Any CPU
		{08994FDC-0599-4F14-BC05-4F0760CDCB4F}.Debug|Any CPU.Build.0 = Debug|Any CPU
		{08994FDC-0599-4F14-BC05-4F0760CDCB4F}.Release|Any CPU.ActiveCfg = Release|Any CPU
		{08994FDC-0599-4F14-BC05-4F0760CDCB4F}.Release|Any CPU.Build.0 = Release|Any CPU
		{12A395BE-D220-48D9-884D-E0DCE782B82F}.Debug|Any CPU.ActiveCfg = Debug|Any CPU
		{12A395BE-D220-48D9-884D-E0DCE782B82F}.Debug|Any CPU.Build.0 = Debug|Any CPU
		{12A395BE-D220-48D9-884D-E0DCE782B82F}.Release|Any CPU.ActiveCfg = Release|Any CPU
		{12A395BE-D220-48D9-884D-E0DCE782B82F}.Release|Any CPU.Build.0 = Release|Any CPU
	EndGlobalSection
	GlobalSection(SolutionProperties) = preSolution
		HideSolutionNode = FALSE
	EndGlobalSection
EndGlobal
